
Microsoft Visual Studio Solution File, Format Version 12.00
# Visual Studio Version 17
VisualStudioVersion = 17.11.35219.272
MinimumVisualStudioVersion = 10.0.40219.1
Project("{FAE04EC0-301F-11D3-BF4B-00C04F79EFBC}") = "TPCampeonatoFutbol", "TPCampeonatoFutbol\TPCampeonatoFutbol.csproj", "{20F13F6B-2754-4A8E-8BB8-92A2B15C41B6}"
EndProject
Project("{FAE04EC0-301F-11D3-BF4B-00C04F79EFBC}") = "TpCampeonatoFutbolBE", "TpCampeonatoFutbolBE\TpCampeonatoFutbolBE.csproj", "{1D628155-005D-4FB3-9F01-621BF02026E8}"
EndProject
Project("{FAE04EC0-301F-11D3-BF4B-00C04F79EFBC}") = "TpCampeonatoFubolBLL", "TpCampeonatoFubolBLL\TpCampeonatoFubolBLL.csproj", "{4A68A604-400D-47B6-8C97-979FB71A859D}"
EndProject
Project("{FAE04EC0-301F-11D3-BF4B-00C04F79EFBC}") = "TpCampeonatoFutbolDAL", "TpCampeonatoFutbolDAL\TpCampeonatoFutbolDAL.csproj", "{C10B9C45-1FBD-4F09-94B3-D61D7FA32A03}"
EndProject
Project("{FAE04EC0-301F-11D3-BF4B-00C04F79EFBC}") = "TpCampeonatoFutbolUI", "TpCampeonatoFutbolUI\TpCampeonatoFutbolUI.csproj", "{E7C0E764-6AB4-4702-9C3F-9DA3FB4BBD73}"
EndProject
Project("{FAE04EC0-301F-11D3-BF4B-00C04F79EFBC}") = "TpCampeonatoFutbolMPP", "TpCampeonatoFutbolMPP\TpCampeonatoFutbolMPP.csproj", "{5293EFA3-B12C-4D4E-8EA4-CFC33289CDB1}"
EndProject
Project("{FAE04EC0-301F-11D3-BF4B-00C04F79EFBC}") = "TpCampeonatoFutbolSEG", "TpCampeonatoFutbolSEG\TpCampeonatoFutbolSEG.csproj", "{5AB239DE-603A-47D0-82E8-8E004514A4D8}"
EndProject
Project("{2150E333-8FDC-42A3-9474-1A3956D46DE8}") = "Capas Verticales", "Capas Verticales", "{02EA681E-C7D8-13C7-8484-4AC65E1B71E8}"
EndProject
Project("{2150E333-8FDC-42A3-9474-1A3956D46DE8}") = "Carpetas Horizontales", "Carpetas Horizontales", "{88BCF8D3-2F4A-4DA8-AA8A-823C8FAC7603}"
EndProject
Project("{FAE04EC0-301F-11D3-BF4B-00C04F79EFBC}") = "TpCampeonatoFutbolMEN", "TpCampeonatoFutbolMEN\TpCampeonatoFutbolMEN.csproj", "{A231CC44-2361-475B-93B6-5BC0C2C6B820}"
EndProject
Global
	GlobalSection(SolutionConfigurationPlatforms) = preSolution
		Debug|Any CPU = Debug|Any CPU
		Release|Any CPU = Release|Any CPU
	EndGlobalSection
	GlobalSection(ProjectConfigurationPlatforms) = postSolution
		{20F13F6B-2754-4A8E-8BB8-92A2B15C41B6}.Debug|Any CPU.ActiveCfg = Debug|Any CPU
		{20F13F6B-2754-4A8E-8BB8-92A2B15C41B6}.Debug|Any CPU.Build.0 = Debug|Any CPU
		{20F13F6B-2754-4A8E-8BB8-92A2B15C41B6}.Release|Any CPU.ActiveCfg = Release|Any CPU
		{20F13F6B-2754-4A8E-8BB8-92A2B15C41B6}.Release|Any CPU.Build.0 = Release|Any CPU
		{1D628155-005D-4FB3-9F01-621BF02026E8}.Debug|Any CPU.ActiveCfg = Debug|Any CPU
		{1D628155-005D-4FB3-9F01-621BF02026E8}.Debug|Any CPU.Build.0 = Debug|Any CPU
		{1D628155-005D-4FB3-9F01-621BF02026E8}.Release|Any CPU.ActiveCfg = Release|Any CPU
		{1D628155-005D-4FB3-9F01-621BF02026E8}.Release|Any CPU.Build.0 = Release|Any CPU
		{4A68A604-400D-47B6-8C97-979FB71A859D}.Debug|Any CPU.ActiveCfg = Debug|Any CPU
		{4A68A604-400D-47B6-8C97-979FB71A859D}.Debug|Any CPU.Build.0 = Debug|Any CPU
		{4A68A604-400D-47B6-8C97-979FB71A859D}.Release|Any CPU.ActiveCfg = Release|Any CPU
		{4A68A604-400D-47B6-8C97-979FB71A859D}.Release|Any CPU.Build.0 = Release|Any CPU
		{C10B9C45-1FBD-4F09-94B3-D61D7FA32A03}.Debug|Any CPU.ActiveCfg = Debug|Any CPU
		{C10B9C45-1FBD-4F09-94B3-D61D7FA32A03}.Debug|Any CPU.Build.0 = Debug|Any CPU
		{C10B9C45-1FBD-4F09-94B3-D61D7FA32A03}.Release|Any CPU.ActiveCfg = Release|Any CPU
		{C10B9C45-1FBD-4F09-94B3-D61D7FA32A03}.Release|Any CPU.Build.0 = Release|Any CPU
		{E7C0E764-6AB4-4702-9C3F-9DA3FB4BBD73}.Debug|Any CPU.ActiveCfg = Debug|Any CPU
		{E7C0E764-6AB4-4702-9C3F-9DA3FB4BBD73}.Debug|Any CPU.Build.0 = Debug|Any CPU
		{E7C0E764-6AB4-4702-9C3F-9DA3FB4BBD73}.Release|Any CPU.ActiveCfg = Release|Any CPU
		{E7C0E764-6AB4-4702-9C3F-9DA3FB4BBD73}.Release|Any CPU.Build.0 = Release|Any CPU
		{5293EFA3-B12C-4D4E-8EA4-CFC33289CDB1}.Debug|Any CPU.ActiveCfg = Debug|Any CPU
		{5293EFA3-B12C-4D4E-8EA4-CFC33289CDB1}.Debug|Any CPU.Build.0 = Debug|Any CPU
		{5293EFA3-B12C-4D4E-8EA4-CFC33289CDB1}.Release|Any CPU.ActiveCfg = Release|Any CPU
		{5293EFA3-B12C-4D4E-8EA4-CFC33289CDB1}.Release|Any CPU.Build.0 = Release|Any CPU
		{5AB239DE-603A-47D0-82E8-8E004514A4D8}.Debug|Any CPU.ActiveCfg = Debug|Any CPU
		{5AB239DE-603A-47D0-82E8-8E004514A4D8}.Debug|Any CPU.Build.0 = Debug|Any CPU
		{5AB239DE-603A-47D0-82E8-8E004514A4D8}.Release|Any CPU.ActiveCfg = Release|Any CPU
		{5AB239DE-603A-47D0-82E8-8E004514A4D8}.Release|Any CPU.Build.0 = Release|Any CPU
		{A231CC44-2361-475B-93B6-5BC0C2C6B820}.Debug|Any CPU.ActiveCfg = Debug|Any CPU
		{A231CC44-2361-475B-93B6-5BC0C2C6B820}.Debug|Any CPU.Build.0 = Debug|Any CPU
		{A231CC44-2361-475B-93B6-5BC0C2C6B820}.Release|Any CPU.ActiveCfg = Release|Any CPU
		{A231CC44-2361-475B-93B6-5BC0C2C6B820}.Release|Any CPU.Build.0 = Release|Any CPU
	EndGlobalSection
	GlobalSection(SolutionProperties) = preSolution
		HideSolutionNode = FALSE
	EndGlobalSection
	GlobalSection(NestedProjects) = preSolution
		{1D628155-005D-4FB3-9F01-621BF02026E8} = {02EA681E-C7D8-13C7-8484-4AC65E1B71E8}
		{4A68A604-400D-47B6-8C97-979FB71A859D} = {02EA681E-C7D8-13C7-8484-4AC65E1B71E8}
		{C10B9C45-1FBD-4F09-94B3-D61D7FA32A03} = {02EA681E-C7D8-13C7-8484-4AC65E1B71E8}
		{E7C0E764-6AB4-4702-9C3F-9DA3FB4BBD73} = {02EA681E-C7D8-13C7-8484-4AC65E1B71E8}
		{5293EFA3-B12C-4D4E-8EA4-CFC33289CDB1} = {02EA681E-C7D8-13C7-8484-4AC65E1B71E8}
		{5AB239DE-603A-47D0-82E8-8E004514A4D8} = {88BCF8D3-2F4A-4DA8-AA8A-823C8FAC7603}
		{A231CC44-2361-475B-93B6-5BC0C2C6B820} = {88BCF8D3-2F4A-4DA8-AA8A-823C8FAC7603}
	EndGlobalSection
	GlobalSection(ExtensibilityGlobals) = postSolution
		SolutionGuid = {E485EA1D-95C6-41BA-97B2-30D9A5B08F14}
	EndGlobalSection
EndGlobal
